<?xml version="1.0" encoding="UTF-8"?>
<Scheme
   LastUpgradeVersion = "1010"
   version = "1.3">
   <BuildAction
      parallelizeBuildables = "YES"
      buildImplicitDependencies = "YES">
      <BuildActionEntries>
         <BuildActionEntry
            buildForTesting = "YES"
            buildForRunning = "YES"
            buildForProfiling = "YES"
            buildForArchiving = "YES"
            buildForAnalyzing = "YES">
            <BuildableReference
               BuildableIdentifier = "primary"
               BlueprintIdentifier = "93E9E330FC2CE7458D9C925F"
               BuildableName = "App.app"
               BlueprintName = "App"
               ReferencedContainer = "container:Projects/App/App.xcodeproj">
            </BuildableReference>
         </BuildActionEntry>
         <BuildActionEntry
            buildForTesting = "YES"
            buildForRunning = "YES"
            buildForProfiling = "YES"
            buildForArchiving = "YES"
            buildForAnalyzing = "YES">
            <BuildableReference
               BuildableIdentifier = "primary"
               BlueprintIdentifier = "99DCC7BD0ABB09C467644299"
               BuildableName = "AppTests.xctest"
               BlueprintName = "AppTests"
               ReferencedContainer = "container:Projects/App/App.xcodeproj">
            </BuildableReference>
         </BuildActionEntry>
         <BuildActionEntry
            buildForTesting = "YES"
            buildForRunning = "YES"
            buildForProfiling = "YES"
            buildForArchiving = "YES"
            buildForAnalyzing = "YES">
            <BuildableReference
               BuildableIdentifier = "primary"
               BlueprintIdentifier = "383A05E41DFCA2BE29E12C3C"
               BuildableName = "AsyncExtensions.framework"
               BlueprintName = "AsyncExtensions"
               ReferencedContainer = "container:Tuist/.build/tuist-derived/Projects/AsyncExtensions/AsyncExtensions.xcodeproj">
            </BuildableReference>
         </BuildActionEntry>
         <BuildActionEntry
            buildForTesting = "YES"
            buildForRunning = "YES"
            buildForProfiling = "YES"
            buildForArchiving = "YES"
            buildForAnalyzing = "YES">
            <BuildableReference
               BuildableIdentifier = "primary"
               BlueprintIdentifier = "362B9BBE2A166F3A9E2F213F"
               BuildableName = "CSQLite.framework"
               BlueprintName = "CSQLite"
               ReferencedContainer = "container:Tuist/.build/tuist-derived/Projects/GRDB/GRDB.xcodeproj">
            </BuildableReference>
         </BuildActionEntry>
         <BuildActionEntry
            buildForTesting = "YES"
            buildForRunning = "YES"
            buildForProfiling = "YES"
            buildForArchiving = "YES"
            buildForAnalyzing = "YES">
            <BuildableReference
               BuildableIdentifier = "primary"
               BlueprintIdentifier = "372E276F143AFFAD2448C971"
               BuildableName = "Data.framework"
               BlueprintName = "Data"
               ReferencedContainer = "container:Projects/Data/Data.xcodeproj">
            </BuildableReference>
         </BuildActionEntry>
         <BuildActionEntry
            buildForTesting = "YES"
            buildForRunning = "YES"
            buildForProfiling = "YES"
            buildForArchiving = "YES"
            buildForAnalyzing = "YES">
            <BuildableReference
               BuildableIdentifier = "primary"
               BlueprintIdentifier = "59D7D2F02BF6A0D0E7F83454"
               BuildableName = "DataTests.xctest"
               BlueprintName = "DataTests"
               ReferencedContainer = "container:Projects/Data/Data.xcodeproj">
            </BuildableReference>
         </BuildActionEntry>
         <BuildActionEntry
            buildForTesting = "YES"
            buildForRunning = "YES"
            buildForProfiling = "YES"
            buildForArchiving = "YES"
            buildForAnalyzing = "YES">
            <BuildableReference
               BuildableIdentifier = "primary"
               BlueprintIdentifier = "C538ACB2975E6B55AFA02B19"
               BuildableName = "Domain.framework"
               BlueprintName = "Domain"
               ReferencedContainer = "container:Projects/Domain/Domain.xcodeproj">
            </BuildableReference>
         </BuildActionEntry>
         <BuildActionEntry
            buildForTesting = "YES"
            buildForRunning = "YES"
            buildForProfiling = "YES"
            buildForArchiving = "YES"
            buildForAnalyzing = "YES">
            <BuildableReference
               BuildableIdentifier = "primary"
               BlueprintIdentifier = "7FBD2F22544C231784C1A4D5"
               BuildableName = "DomainTests.xctest"
               BlueprintName = "DomainTests"
               ReferencedContainer = "container:Projects/Domain/Domain.xcodeproj">
            </BuildableReference>
         </BuildActionEntry>
         <BuildActionEntry
            buildForTesting = "YES"
            buildForRunning = "YES"
            buildForProfiling = "YES"
            buildForArchiving = "YES"
            buildForAnalyzing = "YES">
            <BuildableReference
               BuildableIdentifier = "primary"
               BlueprintIdentifier = "3ED582F0F3B373C0FB2085D6"
               BuildableName = "GRDB.framework"
               BlueprintName = "GRDB"
               ReferencedContainer = "container:Tuist/.build/tuist-derived/Projects/GRDB/GRDB.xcodeproj">
            </BuildableReference>
         </BuildActionEntry>
         <BuildActionEntry
            buildForTesting = "YES"
            buildForRunning = "YES"
            buildForProfiling = "YES"
            buildForArchiving = "YES"
            buildForAnalyzing = "YES">
            <BuildableReference
               BuildableIdentifier = "primary"
               BlueprintIdentifier = "7DB89A052E254CA7109A6B0D"
               BuildableName = "GRDB_GRDB.bundle"
               BlueprintName = "GRDB_GRDB"
               ReferencedContainer = "container:Tuist/.build/tuist-derived/Projects/GRDB/GRDB.xcodeproj">
            </BuildableReference>
         </BuildActionEntry>
         <BuildActionEntry
            buildForTesting = "YES"
            buildForRunning = "YES"
            buildForProfiling = "YES"
            buildForArchiving = "YES"
            buildForAnalyzing = "YES">
            <BuildableReference
               BuildableIdentifier = "primary"
               BlueprintIdentifier = "2E9E7F359ECE580817977AFA"
               BuildableName = "KeyValueStorage.framework"
               BlueprintName = "KeyValueStorage"
               ReferencedContainer = "container:Tuist/.build/tuist-derived/Projects/KeyValueStorage/KeyValueStorage.xcodeproj">
            </BuildableReference>
         </BuildActionEntry>
         <BuildActionEntry
            buildForTesting = "YES"
            buildForRunning = "YES"
            buildForProfiling = "YES"
            buildForArchiving = "YES"
            buildForAnalyzing = "YES">
            <BuildableReference
               BuildableIdentifier = "primary"
               BlueprintIdentifier = "589345361EDD5EBC786D0C14"
               BuildableName = "Swinject.framework"
               BlueprintName = "Swinject"
               ReferencedContainer = "container:Tuist/.build/tuist-derived/Projects/Swinject/Swinject.xcodeproj">
            </BuildableReference>
         </BuildActionEntry>
         <BuildActionEntry
            buildForTesting = "YES"
            buildForRunning = "YES"
            buildForProfiling = "YES"
            buildForArchiving = "YES"
            buildForAnalyzing = "YES">
            <BuildableReference
               BuildableIdentifier = "primary"
               BlueprintIdentifier = "C61B68C4BB691B5A1C6B0D1E"
               BuildableName = "UIComponents.framework"
               BlueprintName = "UIComponents"
               ReferencedContainer = "container:Projects/Features/UIComponents/UIComponents.xcodeproj">
            </BuildableReference>
         </BuildActionEntry>
         <BuildActionEntry
            buildForTesting = "YES"
            buildForRunning = "YES"
            buildForProfiling = "YES"
            buildForArchiving = "YES"
            buildForAnalyzing = "YES">
            <BuildableReference
               BuildableIdentifier = "primary"
               BlueprintIdentifier = "F0BBEFAA1B67C9723C873993"
               BuildableName = "UIComponentsTests.xctest"
               BlueprintName = "UIComponentsTests"
               ReferencedContainer = "container:Projects/Features/UIComponents/UIComponents.xcodeproj">
            </BuildableReference>
         </BuildActionEntry>
         <BuildActionEntry
            buildForTesting = "YES"
            buildForRunning = "YES"
            buildForProfiling = "YES"
            buildForArchiving = "YES"
            buildForAnalyzing = "YES">
            <BuildableReference
               BuildableIdentifier = "primary"
               BlueprintIdentifier = "5202FC7FDAFA477EF09E3C30"
               BuildableName = "WeightCreation.framework"
               BlueprintName = "WeightCreation"
               ReferencedContainer = "container:Projects/Features/WeightCreation/WeightCreation.xcodeproj">
            </BuildableReference>
         </BuildActionEntry>
         <BuildActionEntry
            buildForTesting = "YES"
            buildForRunning = "YES"
            buildForProfiling = "YES"
            buildForArchiving = "YES"
            buildForAnalyzing = "YES">
            <BuildableReference
               BuildableIdentifier = "primary"
               BlueprintIdentifier = "C5061357B7082CCF3786A1C5"
               BuildableName = "WeightCreationTests.xctest"
               BlueprintName = "WeightCreationTests"
               ReferencedContainer = "container:Projects/Features/WeightCreation/WeightCreation.xcodeproj">
            </BuildableReference>
         </BuildActionEntry>
         <BuildActionEntry
            buildForTesting = "YES"
            buildForRunning = "YES"
            buildForProfiling = "YES"
            buildForArchiving = "YES"
            buildForAnalyzing = "YES">
            <BuildableReference
               BuildableIdentifier = "primary"
               BlueprintIdentifier = "80CB11B8BBA75D8E52518DD2"
               BuildableName = "WeightHistory.framework"
               BlueprintName = "WeightHistory"
               ReferencedContainer = "container:Projects/Features/WeightHistory/WeightHistory.xcodeproj">
            </BuildableReference>
         </BuildActionEntry>
         <BuildActionEntry
            buildForTesting = "YES"
            buildForRunning = "YES"
            buildForProfiling = "YES"
            buildForArchiving = "YES"
            buildForAnalyzing = "YES">
            <BuildableReference
               BuildableIdentifier = "primary"
               BlueprintIdentifier = "9B35C61AC98FC30E2ADA64EA"
               BuildableName = "WeightHistoryTests.xctest"
               BlueprintName = "WeightHistoryTests"
               ReferencedContainer = "container:Projects/Features/WeightHistory/WeightHistory.xcodeproj">
            </BuildableReference>
         </BuildActionEntry>
      </BuildActionEntries>
   </BuildAction>
   <TestAction
      buildConfiguration = "Debug"
      selectedDebuggerIdentifier = "Xcode.DebuggerFoundation.Debugger.LLDB"
      selectedLauncherIdentifier = "Xcode.DebuggerFoundation.Launcher.LLDB"
      shouldUseLaunchSchemeArgsEnv = "YES">
      <Testables>
         <TestableReference
            skipped = "NO"
            parallelizable = "NO">
            <BuildableReference
               BuildableIdentifier = "primary"
               BlueprintIdentifier = "99DCC7BD0ABB09C467644299"
               BuildableName = "AppTests.xctest"
               BlueprintName = "AppTests"
               ReferencedContainer = "container:Projects/App/App.xcodeproj">
            </BuildableReference>
         </TestableReference>
         <TestableReference
            skipped = "NO"
            parallelizable = "NO">
            <BuildableReference
               BuildableIdentifier = "primary"
               BlueprintIdentifier = "59D7D2F02BF6A0D0E7F83454"
               BuildableName = "DataTests.xctest"
               BlueprintName = "DataTests"
               ReferencedContainer = "container:Projects/Data/Data.xcodeproj">
            </BuildableReference>
         </TestableReference>
         <TestableReference
            skipped = "NO"
            parallelizable = "NO">
            <BuildableReference
               BuildableIdentifier = "primary"
               BlueprintIdentifier = "7FBD2F22544C231784C1A4D5"
               BuildableName = "DomainTests.xctest"
               BlueprintName = "DomainTests"
               ReferencedContainer = "container:Projects/Domain/Domain.xcodeproj">
            </BuildableReference>
         </TestableReference>
         <TestableReference
            skipped = "NO"
            parallelizable = "NO">
            <BuildableReference
               BuildableIdentifier = "primary"
               BlueprintIdentifier = "F0BBEFAA1B67C9723C873993"
               BuildableName = "UIComponentsTests.xctest"
               BlueprintName = "UIComponentsTests"
               ReferencedContainer = "container:Projects/Features/UIComponents/UIComponents.xcodeproj">
            </BuildableReference>
         </TestableReference>
         <TestableReference
            skipped = "NO"
            parallelizable = "NO">
            <BuildableReference
               BuildableIdentifier = "primary"
               BlueprintIdentifier = "C5061357B7082CCF3786A1C5"
               BuildableName = "WeightCreationTests.xctest"
               BlueprintName = "WeightCreationTests"
               ReferencedContainer = "container:Projects/Features/WeightCreation/WeightCreation.xcodeproj">
            </BuildableReference>
         </TestableReference>
         <TestableReference
            skipped = "NO"
            parallelizable = "NO">
            <BuildableReference
               BuildableIdentifier = "primary"
               BlueprintIdentifier = "9B35C61AC98FC30E2ADA64EA"
               BuildableName = "WeightHistoryTests.xctest"
               BlueprintName = "WeightHistoryTests"
               ReferencedContainer = "container:Projects/Features/WeightHistory/WeightHistory.xcodeproj">
            </BuildableReference>
         </TestableReference>
      </Testables>
   </TestAction>
   <LaunchAction
      buildConfiguration = "Debug"
      selectedDebuggerIdentifier = "Xcode.DebuggerFoundation.Debugger.LLDB"
      selectedLauncherIdentifier = "Xcode.DebuggerFoundation.Launcher.LLDB"
      launchStyle = "0"
      useCustomWorkingDirectory = "NO"
      ignoresPersistentStateOnLaunch = "NO"
      debugDocumentVersioning = "YES"
      debugServiceExtension = "internal"
      allowLocationSimulation = "YES">
      <BuildableProductRunnable
         runnableDebuggingMode = "0">
         <BuildableReference
            BuildableIdentifier = "primary"
            BlueprintIdentifier = "93E9E330FC2CE7458D9C925F"
            BuildableName = "App.app"
            BlueprintName = "App"
            ReferencedContainer = "container:Projects/App/App.xcodeproj">
         </BuildableReference>
      </BuildableProductRunnable>
   </LaunchAction>
   <ProfileAction
      buildConfiguration = "Release"
      shouldUseLaunchSchemeArgsEnv = "YES"
      savedToolIdentifier = ""
      useCustomWorkingDirectory = "NO"
      debugDocumentVersioning = "YES">
      <BuildableProductRunnable
         runnableDebuggingMode = "0">
         <BuildableReference
            BuildableIdentifier = "primary"
            BlueprintIdentifier = "93E9E330FC2CE7458D9C925F"
            BuildableName = "App.app"
            BlueprintName = "App"
            ReferencedContainer = "container:Projects/App/App.xcodeproj">
         </BuildableReference>
      </BuildableProductRunnable>
   </ProfileAction>
   <AnalyzeAction
      buildConfiguration = "Debug">
   </AnalyzeAction>
   <ArchiveAction
      buildConfiguration = "Release"
      revealArchiveInOrganizer = "YES">
   </ArchiveAction>
</Scheme>
