{
  "originHash" : "35026edc426c68902077d095a584c822a5ea204a4fb4527d766b4c7e562f8e05",
  "pins" : [
    {
      "identity" : "asyncextensions",
      "kind" : "remoteSourceControl",
      "location" : "https://github.com/alrzi/AsyncExtensions.git",
      "state" : {
        "branch" : "main",
        "revision" : "bed1c44316b7068a6efbe05491ffc76c88ce21fd"
      }
    },
    {
      "identity" : "grdb.swift",
      "kind" : "remoteSourceControl",
      "location" : "https://github.com/groue/GRDB.swift.git",
      "state" : {
        "branch" : "master",
        "revision" : "18497b68fdbb3a09528d260a0a0e1e7e61c8c53d"
      }
    },
    {
      "identity" : "keyvaluestorage",
      "kind" : "remoteSourceControl",
      "location" : "https://github.com/alrzi/KeyValueStorage.git",
      "state" : {
        "branch" : "main",
        "revision" : "d9f3f79b16c58242a6a34a571515a9cc6737adb8"
      }
    },
    {
      "identity" : "swinject",
      "kind" : "remoteSourceControl",
      "location" : "https://github.com/Swinject/Swinject.git",
      "state" : {
        "revision" : "b685b549fe4d8ae265fc7a2f27d0789720425d69",
        "version" : "2.10.0"
      }
    }
  ],
  "version" : 3
}
