// !$*UTF8*$!
{
	archiveVersion = 1;
	classes = {
	};
	objectVersion = 55;
	objects = {

/* Begin PBXBuildFile section */
		17071E40E6F803FDD32DD1FD /* Swinject in Frameworks */ = {isa = PBXBuildFile; productRef = EB7A068CDFB5EAA7C09A8641 /* Swinject */; };
		29A4F86AA012B59A5B5DCE80 /* AppDelegate.swift in Sources */ = {isa = PBXBuildFile; fileRef = 48C69DC477A74C04200C50D7 /* AppDelegate.swift */; };
		3851DB47A1BECF03A07EDC54 /* WeightsStateTest.swift in Sources */ = {isa = PBXBuildFile; fileRef = C38A9BB564245C7817CDAA13 /* WeightsStateTest.swift */; };
		417CDB604B48FEECC0E7E94A /* WeightMonitorDomain.framework in Embed Frameworks */ = {isa = PBXBuildFile; fileRef = 770B2AE1BA33249B9059519D /* WeightMonitorDomain.framework */; settings = {ATTRIBUTES = (CodeSignOnCopy, RemoveHeadersOnCopy, ); }; };
		60DC766B04F0F034BE7B2B6D /* WeightHistoryCoordinator.swift in Sources */ = {isa = PBXBuildFile; fileRef = AE90DB18C29D590F961E9BB5 /* WeightHistoryCoordinator.swift */; };
		768FF1FCD39F5F11BB2C7149 /* SceneDelegate.swift in Sources */ = {isa = PBXBuildFile; fileRef = EA57FFAD6C34AC40E60C26DA /* SceneDelegate.swift */; };
		85EE311AB6204141D8206933 /* WeightMonitorFeatureWeightCreation.framework in Embed Frameworks */ = {isa = PBXBuildFile; fileRef = 083D828A5F1B1D4FBCCEBFE5 /* WeightMonitorFeatureWeightCreation.framework */; settings = {ATTRIBUTES = (CodeSignOnCopy, RemoveHeadersOnCopy, ); }; };
		89F459BA9F855C3126494CC0 /* WeightMonitorUIComponents.framework in Frameworks */ = {isa = PBXBuildFile; fileRef = 8AE358AD97F8140E01CE52D6 /* WeightMonitorUIComponents.framework */; };
		9240C3A1DC38F9E2E65B55E0 /* WeightMonitorFeatureWeightCreation.framework in Frameworks */ = {isa = PBXBuildFile; fileRef = 083D828A5F1B1D4FBCCEBFE5 /* WeightMonitorFeatureWeightCreation.framework */; };
		9E918C552ACF3DE2E9E12E0D /* WeightMonitorFeatureWeightHistory.framework in Frameworks */ = {isa = PBXBuildFile; fileRef = BEC200EA58193909050B378C /* WeightMonitorFeatureWeightHistory.framework */; };
		9FEB0A241642E4A2D8408FB3 /* Colors.xcassets in Resources */ = {isa = PBXBuildFile; fileRef = 08A3195CF2948676219E8C6A /* Colors.xcassets */; };
		A110573558BBFDC87AFFAA3B /* LaunchScreen.storyboard in Resources */ = {isa = PBXBuildFile; fileRef = 250FFE8FDC5F98E6538015D5 /* LaunchScreen.storyboard */; };
		A8B696C8F5FFAB0328DB5697 /* Assets.xcassets in Resources */ = {isa = PBXBuildFile; fileRef = 80B22D2F94FE6C84F9B38EC3 /* Assets.xcassets */; };
		AB02C83F25856130F5969667 /* WeightMonitorData.framework in Frameworks */ = {isa = PBXBuildFile; fileRef = B34C6363E5CFBF2C8E5EB16A /* WeightMonitorData.framework */; };
		B9C908E90447B9F12D0652C1 /* WeightMonitorFeatureWeightHistory.framework in Embed Frameworks */ = {isa = PBXBuildFile; fileRef = BEC200EA58193909050B378C /* WeightMonitorFeatureWeightHistory.framework */; settings = {ATTRIBUTES = (CodeSignOnCopy, RemoveHeadersOnCopy, ); }; };
		BBBF4FF96636DD9279C68A53 /* WeightMonitorDomain.framework in Frameworks */ = {isa = PBXBuildFile; fileRef = 770B2AE1BA33249B9059519D /* WeightMonitorDomain.framework */; };
		C8DC4860C91BDF266135BB8C /* WeightMonitorData.framework in Embed Frameworks */ = {isa = PBXBuildFile; fileRef = B34C6363E5CFBF2C8E5EB16A /* WeightMonitorData.framework */; settings = {ATTRIBUTES = (CodeSignOnCopy, RemoveHeadersOnCopy, ); }; };
		D4F210073D0681B637EA5A15 /* WeightMonitorModulesAssembly.swift in Sources */ = {isa = PBXBuildFile; fileRef = 87088D6CA433512118452B8E /* WeightMonitorModulesAssembly.swift */; };
		D891025B6039FFF249E6BD94 /* WeightMonitorUIComponents.framework in Embed Frameworks */ = {isa = PBXBuildFile; fileRef = 8AE358AD97F8140E01CE52D6 /* WeightMonitorUIComponents.framework */; settings = {ATTRIBUTES = (CodeSignOnCopy, RemoveHeadersOnCopy, ); }; };
		DD391DA3997B7D85524F977A /* TuistAssets+WeightMonitor.swift in Sources */ = {isa = PBXBuildFile; fileRef = FB615A942A30D85796F69D63 /* TuistAssets+WeightMonitor.swift */; };
		E6FBC02869098E105BA9BD21 /* TuistBundle+WeightMonitor.swift in Sources */ = {isa = PBXBuildFile; fileRef = FDA39DBD1932050655F177D0 /* TuistBundle+WeightMonitor.swift */; };
		FCEC49C59AA70BA5C67B74D9 /* WeightHistoryNavigationView.swift in Sources */ = {isa = PBXBuildFile; fileRef = 50223398A2AEEB8C68E7E760 /* WeightHistoryNavigationView.swift */; };
/* End PBXBuildFile section */

/* Begin PBXContainerItemProxy section */
		4E78DF7C817D8C6746A9E8BA /* PBXContainerItemProxy */ = {
			isa = PBXContainerItemProxy;
			containerPortal = CF75868AB8E263FEECD7087E /* Project object */;
			proxyType = 1;
			remoteGlobalIDString = D816FBD63F8076ECFA79E6AA;
			remoteInfo = WeightMonitor;
		};
/* End PBXContainerItemProxy section */

/* Begin PBXCopyFilesBuildPhase section */
		83A9BAA09E26685A057DEC1E /* Embed Frameworks */ = {
			isa = PBXCopyFilesBuildPhase;
			buildActionMask = 2147483647;
			dstPath = "";
			dstSubfolderSpec = 10;
			files = (
				C8DC4860C91BDF266135BB8C /* WeightMonitorData.framework in Embed Frameworks */,
				417CDB604B48FEECC0E7E94A /* WeightMonitorDomain.framework in Embed Frameworks */,
				85EE311AB6204141D8206933 /* WeightMonitorFeatureWeightCreation.framework in Embed Frameworks */,
				B9C908E90447B9F12D0652C1 /* WeightMonitorFeatureWeightHistory.framework in Embed Frameworks */,
				D891025B6039FFF249E6BD94 /* WeightMonitorUIComponents.framework in Embed Frameworks */,
			);
			name = "Embed Frameworks";
			runOnlyForDeploymentPostprocessing = 0;
		};
		A63C1D31A9E99E1FD6448382 /* Embed Frameworks */ = {
			isa = PBXCopyFilesBuildPhase;
			buildActionMask = 2147483647;
			dstPath = "";
			dstSubfolderSpec = 10;
			files = (
			);
			name = "Embed Frameworks";
			runOnlyForDeploymentPostprocessing = 0;
		};
/* End PBXCopyFilesBuildPhase section */

/* Begin PBXFileReference section */
		083D828A5F1B1D4FBCCEBFE5 /* WeightMonitorFeatureWeightCreation.framework */ = {isa = PBXFileReference; explicitFileType = wrapper.framework; includeInIndex = 0; path = WeightMonitorFeatureWeightCreation.framework; sourceTree = BUILT_PRODUCTS_DIR; };
		08A3195CF2948676219E8C6A /* Colors.xcassets */ = {isa = PBXFileReference; lastKnownFileType = folder.assetcatalog; path = Colors.xcassets; sourceTree = "<group>"; };
		3B7F7680D781950D3D080806 /* Base */ = {isa = PBXFileReference; lastKnownFileType = file.storyboard; name = Base; path = Base.lproj/LaunchScreen.storyboard; sourceTree = "<group>"; };
		48C69DC477A74C04200C50D7 /* AppDelegate.swift */ = {isa = PBXFileReference; lastKnownFileType = sourcecode.swift; path = AppDelegate.swift; sourceTree = "<group>"; };
		50223398A2AEEB8C68E7E760 /* WeightHistoryNavigationView.swift */ = {isa = PBXFileReference; lastKnownFileType = sourcecode.swift; path = WeightHistoryNavigationView.swift; sourceTree = "<group>"; };
		770B2AE1BA33249B9059519D /* WeightMonitorDomain.framework */ = {isa = PBXFileReference; explicitFileType = wrapper.framework; includeInIndex = 0; path = WeightMonitorDomain.framework; sourceTree = BUILT_PRODUCTS_DIR; };
		80B22D2F94FE6C84F9B38EC3 /* Assets.xcassets */ = {isa = PBXFileReference; lastKnownFileType = folder.assetcatalog; path = Assets.xcassets; sourceTree = "<group>"; };
		87088D6CA433512118452B8E /* WeightMonitorModulesAssembly.swift */ = {isa = PBXFileReference; lastKnownFileType = sourcecode.swift; path = WeightMonitorModulesAssembly.swift; sourceTree = "<group>"; };
		8AE358AD97F8140E01CE52D6 /* WeightMonitorUIComponents.framework */ = {isa = PBXFileReference; explicitFileType = wrapper.framework; includeInIndex = 0; path = WeightMonitorUIComponents.framework; sourceTree = BUILT_PRODUCTS_DIR; };
		A40117BFB1EC331075B391E9 /* WeightMonitorTests.xctest */ = {isa = PBXFileReference; explicitFileType = wrapper.cfbundle; includeInIndex = 0; path = WeightMonitorTests.xctest; sourceTree = BUILT_PRODUCTS_DIR; };
		AE90DB18C29D590F961E9BB5 /* WeightHistoryCoordinator.swift */ = {isa = PBXFileReference; lastKnownFileType = sourcecode.swift; path = WeightHistoryCoordinator.swift; sourceTree = "<group>"; };
		B34C6363E5CFBF2C8E5EB16A /* WeightMonitorData.framework */ = {isa = PBXFileReference; explicitFileType = wrapper.framework; includeInIndex = 0; path = WeightMonitorData.framework; sourceTree = BUILT_PRODUCTS_DIR; };
		BEC200EA58193909050B378C /* WeightMonitorFeatureWeightHistory.framework */ = {isa = PBXFileReference; explicitFileType = wrapper.framework; includeInIndex = 0; path = WeightMonitorFeatureWeightHistory.framework; sourceTree = BUILT_PRODUCTS_DIR; };
		C38A9BB564245C7817CDAA13 /* WeightsStateTest.swift */ = {isa = PBXFileReference; lastKnownFileType = sourcecode.swift; path = WeightsStateTest.swift; sourceTree = "<group>"; };
		E84F8CFFD67A475942092B7E /* Info.plist */ = {isa = PBXFileReference; lastKnownFileType = text.plist; path = Info.plist; sourceTree = "<group>"; };
		EA57FFAD6C34AC40E60C26DA /* SceneDelegate.swift */ = {isa = PBXFileReference; lastKnownFileType = sourcecode.swift; path = SceneDelegate.swift; sourceTree = "<group>"; };
		EFDCBE1C7DC4A4D785B398A1 /* WeightMonitorTests-Info.plist */ = {isa = PBXFileReference; lastKnownFileType = text.plist; path = "WeightMonitorTests-Info.plist"; sourceTree = "<group>"; };
		F849F6B6AA0EB31E5013C4A1 /* WeightMonitor.app */ = {isa = PBXFileReference; explicitFileType = wrapper.application; includeInIndex = 0; path = WeightMonitor.app; sourceTree = BUILT_PRODUCTS_DIR; };
		FB615A942A30D85796F69D63 /* TuistAssets+WeightMonitor.swift */ = {isa = PBXFileReference; lastKnownFileType = sourcecode.swift; path = "TuistAssets+WeightMonitor.swift"; sourceTree = "<group>"; };
		FDA39DBD1932050655F177D0 /* TuistBundle+WeightMonitor.swift */ = {isa = PBXFileReference; lastKnownFileType = sourcecode.swift; path = "TuistBundle+WeightMonitor.swift"; sourceTree = "<group>"; };
/* End PBXFileReference section */

/* Begin PBXFrameworksBuildPhase section */
		E36557DE70EE8134E921B56B /* Frameworks */ = {
			isa = PBXFrameworksBuildPhase;
			buildActionMask = 2147483647;
			files = (
			);
			runOnlyForDeploymentPostprocessing = 0;
		};
		EF9595C5B296FEEBB0185552 /* Frameworks */ = {
			isa = PBXFrameworksBuildPhase;
			buildActionMask = 2147483647;
			files = (
				AB02C83F25856130F5969667 /* WeightMonitorData.framework in Frameworks */,
				BBBF4FF96636DD9279C68A53 /* WeightMonitorDomain.framework in Frameworks */,
				9240C3A1DC38F9E2E65B55E0 /* WeightMonitorFeatureWeightCreation.framework in Frameworks */,
				9E918C552ACF3DE2E9E12E0D /* WeightMonitorFeatureWeightHistory.framework in Frameworks */,
				89F459BA9F855C3126494CC0 /* WeightMonitorUIComponents.framework in Frameworks */,
				17071E40E6F803FDD32DD1FD /* Swinject in Frameworks */,
			);
			runOnlyForDeploymentPostprocessing = 0;
		};
/* End PBXFrameworksBuildPhase section */

/* Begin PBXGroup section */
		026E8BE8D46C2AE6066E6CF4 /* WeightMonitorTests */ = {
			isa = PBXGroup;
			children = (
				C38A9BB564245C7817CDAA13 /* WeightsStateTest.swift */,
			);
			path = WeightMonitorTests;
			sourceTree = "<group>";
		};
		0B0C6F1CD2EE58309121DC22 /* InfoPlists */ = {
			isa = PBXGroup;
			children = (
				EFDCBE1C7DC4A4D785B398A1 /* WeightMonitorTests-Info.plist */,
			);
			path = InfoPlists;
			sourceTree = "<group>";
		};
		218EBB6E758888D07C032722 /* Navigation */ = {
			isa = PBXGroup;
			children = (
				AE90DB18C29D590F961E9BB5 /* WeightHistoryCoordinator.swift */,
				50223398A2AEEB8C68E7E760 /* WeightHistoryNavigationView.swift */,
			);
			path = Navigation;
			sourceTree = "<group>";
		};
		27276830512D768CC80183E6 /* Derived */ = {
			isa = PBXGroup;
			children = (
				0B0C6F1CD2EE58309121DC22 /* InfoPlists */,
				390F0B433E653109FD9036A0 /* Sources */,
			);
			path = Derived;
			sourceTree = "<group>";
		};
		390F0B433E653109FD9036A0 /* Sources */ = {
			isa = PBXGroup;
			children = (
				FB615A942A30D85796F69D63 /* TuistAssets+WeightMonitor.swift */,
				FDA39DBD1932050655F177D0 /* TuistBundle+WeightMonitor.swift */,
			);
			path = Sources;
			sourceTree = "<group>";
		};
		3FE82F9A48DF64CA72F15A98 /* DI */ = {
			isa = PBXGroup;
			children = (
				87088D6CA433512118452B8E /* WeightMonitorModulesAssembly.swift */,
			);
			path = DI;
			sourceTree = "<group>";
		};
		8EF8BC2E2D9A88A8D31BD8C1 /* UI */ = {
			isa = PBXGroup;
			children = (
				218EBB6E758888D07C032722 /* Navigation */,
			);
			path = UI;
			sourceTree = "<group>";
		};
		98DBD10734110AD22F552A10 = {
			isa = PBXGroup;
			children = (
				AA88F6DD3EBF0C6042F9EA71 /* Products */,
				DDA2D32F898C524E3B254E11 /* Project */,
			);
			sourceTree = "<group>";
		};
		AA88F6DD3EBF0C6042F9EA71 /* Products */ = {
			isa = PBXGroup;
			children = (
				F849F6B6AA0EB31E5013C4A1 /* WeightMonitor.app */,
				B34C6363E5CFBF2C8E5EB16A /* WeightMonitorData.framework */,
				770B2AE1BA33249B9059519D /* WeightMonitorDomain.framework */,
				083D828A5F1B1D4FBCCEBFE5 /* WeightMonitorFeatureWeightCreation.framework */,
				BEC200EA58193909050B378C /* WeightMonitorFeatureWeightHistory.framework */,
				A40117BFB1EC331075B391E9 /* WeightMonitorTests.xctest */,
				8AE358AD97F8140E01CE52D6 /* WeightMonitorUIComponents.framework */,
			);
			name = Products;
			sourceTree = "<group>";
		};
		BB24E5DD66FA5FE4257B5520 /* WeightMonitor */ = {
			isa = PBXGroup;
			children = (
				3FE82F9A48DF64CA72F15A98 /* DI */,
				250FFE8FDC5F98E6538015D5 /* LaunchScreen.storyboard */,
				8EF8BC2E2D9A88A8D31BD8C1 /* UI */,
				48C69DC477A74C04200C50D7 /* AppDelegate.swift */,
				80B22D2F94FE6C84F9B38EC3 /* Assets.xcassets */,
				08A3195CF2948676219E8C6A /* Colors.xcassets */,
				E84F8CFFD67A475942092B7E /* Info.plist */,
				EA57FFAD6C34AC40E60C26DA /* SceneDelegate.swift */,
			);
			path = WeightMonitor;
			sourceTree = "<group>";
		};
		DDA2D32F898C524E3B254E11 /* Project */ = {
			isa = PBXGroup;
			children = (
				27276830512D768CC80183E6 /* Derived */,
				BB24E5DD66FA5FE4257B5520 /* WeightMonitor */,
				026E8BE8D46C2AE6066E6CF4 /* WeightMonitorTests */,
			);
			name = Project;
			sourceTree = "<group>";
		};
/* End PBXGroup section */

/* Begin PBXNativeTarget section */
		6E4F93F4404F2CBD946A351D /* WeightMonitorTests */ = {
			isa = PBXNativeTarget;
			buildConfigurationList = 1DDB274E4B06BCCE21138CA0 /* Build configuration list for PBXNativeTarget "WeightMonitorTests" */;
			buildPhases = (
				82A00D5F4F42A5EA92311CDE /* Sources */,
				4E3F1EE9ECCA868EC27548EB /* Resources */,
				E36557DE70EE8134E921B56B /* Frameworks */,
				A63C1D31A9E99E1FD6448382 /* Embed Frameworks */,
			);
			buildRules = (
			);
			dependencies = (
				10CE7DC661B1BDB19D5289EA /* PBXTargetDependency */,
			);
			name = WeightMonitorTests;
			packageProductDependencies = (
			);
			productName = WeightMonitorTests;
			productReference = A40117BFB1EC331075B391E9 /* WeightMonitorTests.xctest */;
			productType = "com.apple.product-type.bundle.unit-test";
		};
		D816FBD63F8076ECFA79E6AA /* WeightMonitor */ = {
			isa = PBXNativeTarget;
			buildConfigurationList = BA52A22BDD2DD720A1D16FF8 /* Build configuration list for PBXNativeTarget "WeightMonitor" */;
			buildPhases = (
				B4C70085DCE53175C85A3DDD /* Sources */,
				252E1599D25413D227371767 /* Resources */,
				EF9595C5B296FEEBB0185552 /* Frameworks */,
				83A9BAA09E26685A057DEC1E /* Embed Frameworks */,
			);
			buildRules = (
			);
			dependencies = (
			);
			name = WeightMonitor;
			packageProductDependencies = (
				EB7A068CDFB5EAA7C09A8641 /* Swinject */,
			);
			productName = WeightMonitor;
			productReference = F849F6B6AA0EB31E5013C4A1 /* WeightMonitor.app */;
			productType = "com.apple.product-type.application";
		};
/* End PBXNativeTarget section */

/* Begin PBXProject section */
		CF75868AB8E263FEECD7087E /* Project object */ = {
			isa = PBXProject;
			attributes = {
				BuildIndependentTargetsInParallel = YES;
				TargetAttributes = {
					6E4F93F4404F2CBD946A351D = {
						TestTargetID = D816FBD63F8076ECFA79E6AA;
					};
				};
			};
			buildConfigurationList = 5EA20CE815EF32B7309045E9 /* Build configuration list for PBXProject "WeightMonitor" */;
			compatibilityVersion = "Xcode 14.0";
			developmentRegion = en;
			hasScannedForEncodings = 0;
			knownRegions = (
				Base,
				en,
			);
			mainGroup = 98DBD10734110AD22F552A10;
			packageReferences = (
				819A5E79761BD1D0B963F491 /* XCRemoteSwiftPackageReference "Swinject" */,
				EA7510346A39CAA644EB4F0C /* XCRemoteSwiftPackageReference "AsyncExtensions" */,
				931BBE447736F5B7CDCCA2C8 /* XCRemoteSwiftPackageReference "KeyValueStorage" */,
				D4FF66FA6022DDBFA4E52ECA /* XCRemoteSwiftPackageReference "GRDB.swift" */,
			);
			productRefGroup = AA88F6DD3EBF0C6042F9EA71 /* Products */;
			projectDirPath = "";
			projectRoot = "";
			targets = (
				D816FBD63F8076ECFA79E6AA /* WeightMonitor */,
				6E4F93F4404F2CBD946A351D /* WeightMonitorTests */,
			);
		};
/* End PBXProject section */

/* Begin PBXResourcesBuildPhase section */
		252E1599D25413D227371767 /* Resources */ = {
			isa = PBXResourcesBuildPhase;
			buildActionMask = 2147483647;
			files = (
				A8B696C8F5FFAB0328DB5697 /* Assets.xcassets in Resources */,
				A110573558BBFDC87AFFAA3B /* LaunchScreen.storyboard in Resources */,
				9FEB0A241642E4A2D8408FB3 /* Colors.xcassets in Resources */,
			);
			runOnlyForDeploymentPostprocessing = 0;
		};
		4E3F1EE9ECCA868EC27548EB /* Resources */ = {
			isa = PBXResourcesBuildPhase;
			buildActionMask = 2147483647;
			files = (
			);
			runOnlyForDeploymentPostprocessing = 0;
		};
/* End PBXResourcesBuildPhase section */

/* Begin PBXSourcesBuildPhase section */
		82A00D5F4F42A5EA92311CDE /* Sources */ = {
			isa = PBXSourcesBuildPhase;
			buildActionMask = 2147483647;
			files = (
				3851DB47A1BECF03A07EDC54 /* WeightsStateTest.swift in Sources */,
			);
			runOnlyForDeploymentPostprocessing = 0;
		};
		B4C70085DCE53175C85A3DDD /* Sources */ = {
			isa = PBXSourcesBuildPhase;
			buildActionMask = 2147483647;
			files = (
				DD391DA3997B7D85524F977A /* TuistAssets+WeightMonitor.swift in Sources */,
				E6FBC02869098E105BA9BD21 /* TuistBundle+WeightMonitor.swift in Sources */,
				29A4F86AA012B59A5B5DCE80 /* AppDelegate.swift in Sources */,
				D4F210073D0681B637EA5A15 /* WeightMonitorModulesAssembly.swift in Sources */,
				768FF1FCD39F5F11BB2C7149 /* SceneDelegate.swift in Sources */,
				60DC766B04F0F034BE7B2B6D /* WeightHistoryCoordinator.swift in Sources */,
				FCEC49C59AA70BA5C67B74D9 /* WeightHistoryNavigationView.swift in Sources */,
			);
			runOnlyForDeploymentPostprocessing = 0;
		};
/* End PBXSourcesBuildPhase section */

/* Begin PBXTargetDependency section */
		10CE7DC661B1BDB19D5289EA /* PBXTargetDependency */ = {
			isa = PBXTargetDependency;
			name = WeightMonitor;
			target = D816FBD63F8076ECFA79E6AA /* WeightMonitor */;
			targetProxy = 4E78DF7C817D8C6746A9E8BA /* PBXContainerItemProxy */;
		};
/* End PBXTargetDependency section */

/* Begin PBXVariantGroup section */
		250FFE8FDC5F98E6538015D5 /* LaunchScreen.storyboard */ = {
			isa = PBXVariantGroup;
			children = (
				3B7F7680D781950D3D080806 /* Base */,
			);
			name = LaunchScreen.storyboard;
			sourceTree = "<group>";
		};
/* End PBXVariantGroup section */

/* Begin XCBuildConfiguration section */
		229FBF6E4F5C157CB40A1AE3 /* Release */ = {
			isa = XCBuildConfiguration;
			buildSettings = {
				ASSETCATALOG_COMPILER_APPICON_NAME = AppIcon;
				ASSETCATALOG_COMPILER_GLOBAL_ACCENT_COLOR_NAME = AccentColor;
				CODE_SIGN_IDENTITY = "iPhone Developer";
				ENABLE_PREVIEWS = YES;
				INFOPLIST_FILE = WeightMonitor/Info.plist;
				IPHONEOS_DEPLOYMENT_TARGET = 17.0;
				LD_RUNPATH_SEARCH_PATHS = (
					"$(inherited)",
					"@executable_path/Frameworks",
				);
				OTHER_LDFLAGS = (
					"$(inherited)",
					"-L$(DT_TOOLCHAIN_DIR)/usr/lib/swift/$(PLATFORM_NAME)",
				);
				PRODUCT_BUNDLE_IDENTIFIER = com.alrzi.WeightMonitor;
				PRODUCT_NAME = WeightMonitor;
				SDKROOT = iphoneos;
				SUPPORTS_MACCATALYST = NO;
				SUPPORTS_MAC_DESIGNED_FOR_IPHONE_IPAD = YES;
				SUPPORTS_XR_DESIGNED_FOR_IPHONE_IPAD = NO;
				SWIFT_COMPILATION_MODE = wholemodule;
				SWIFT_OPTIMIZATION_LEVEL = "-O";
				SWIFT_VERSION = 5;
				TARGETED_DEVICE_FAMILY = "1,2";
			};
			name = Release;
		};
		4088223CAC0CAD3E654BBB77 /* Debug */ = {
			isa = XCBuildConfiguration;
			buildSettings = {
				BUNDLE_LOADER = "$(TEST_HOST)";
				CODE_SIGN_IDENTITY = "iPhone Developer";
				INFOPLIST_FILE = "Derived/InfoPlists/WeightMonitorTests-Info.plist";
				IPHONEOS_DEPLOYMENT_TARGET = 16.0;
				LD_RUNPATH_SEARCH_PATHS = (
					"$(inherited)",
					"@executable_path/Frameworks",
					"@loader_path/Frameworks",
				);
				OTHER_LDFLAGS = (
					"$(inherited)",
					"-L$(DT_TOOLCHAIN_DIR)/usr/lib/swift/$(PLATFORM_NAME)",
				);
				PRODUCT_BUNDLE_IDENTIFIER = com.alrzi.WeightMonitorTests;
				PRODUCT_NAME = WeightMonitorTests;
				SDKROOT = iphoneos;
				SUPPORTS_MACCATALYST = NO;
				SUPPORTS_MAC_DESIGNED_FOR_IPHONE_IPAD = YES;
				SUPPORTS_XR_DESIGNED_FOR_IPHONE_IPAD = NO;
				SWIFT_ACTIVE_COMPILATION_CONDITIONS = (
					"$(inherited)",
					DEBUG,
				);
				SWIFT_COMPILATION_MODE = singlefile;
				SWIFT_OPTIMIZATION_LEVEL = "-Onone";
				SWIFT_VERSION = 5;
				TARGETED_DEVICE_FAMILY = "1,2";
				TEST_HOST = "$(BUILT_PRODUCTS_DIR)/WeightMonitor.app/$(BUNDLE_EXECUTABLE_FOLDER_PATH)/WeightMonitor";
				TEST_TARGET_NAME = WeightMonitor;
			};
			name = Debug;
		};
		47F4F2AAC7828ECFD3F62263 /* Debug */ = {
			isa = XCBuildConfiguration;
			buildSettings = {
				ASSETCATALOG_COMPILER_APPICON_NAME = AppIcon;
				ASSETCATALOG_COMPILER_GLOBAL_ACCENT_COLOR_NAME = AccentColor;
				CODE_SIGN_IDENTITY = "iPhone Developer";
				ENABLE_PREVIEWS = YES;
				INFOPLIST_FILE = WeightMonitor/Info.plist;
				IPHONEOS_DEPLOYMENT_TARGET = 17.0;
				LD_RUNPATH_SEARCH_PATHS = (
					"$(inherited)",
					"@executable_path/Frameworks",
				);
				OTHER_LDFLAGS = (
					"$(inherited)",
					"-L$(DT_TOOLCHAIN_DIR)/usr/lib/swift/$(PLATFORM_NAME)",
				);
				PRODUCT_BUNDLE_IDENTIFIER = com.alrzi.WeightMonitor;
				PRODUCT_NAME = WeightMonitor;
				SDKROOT = iphoneos;
				SUPPORTS_MACCATALYST = NO;
				SUPPORTS_MAC_DESIGNED_FOR_IPHONE_IPAD = YES;
				SUPPORTS_XR_DESIGNED_FOR_IPHONE_IPAD = NO;
				SWIFT_ACTIVE_COMPILATION_CONDITIONS = (
					"$(inherited)",
					DEBUG,
				);
				SWIFT_COMPILATION_MODE = singlefile;
				SWIFT_OPTIMIZATION_LEVEL = "-Onone";
				SWIFT_VERSION = 5;
				TARGETED_DEVICE_FAMILY = "1,2";
			};
			name = Debug;
		};
		E6C386DE4BF69FB05A7F149D /* Debug */ = {
			isa = XCBuildConfiguration;
			buildSettings = {
				ALWAYS_SEARCH_USER_PATHS = NO;
				CLANG_ANALYZER_LOCALIZABILITY_NONLOCALIZED = YES;
				CLANG_ANALYZER_NONNULL = YES;
				CLANG_ANALYZER_NUMBER_OBJECT_CONVERSION = YES_AGGRESSIVE;
				CLANG_CXX_LANGUAGE_STANDARD = "gnu++14";
				CLANG_CXX_LIBRARY = "libc++";
				CLANG_ENABLE_MODULES = YES;
				CLANG_ENABLE_OBJC_ARC = YES;
				CLANG_ENABLE_OBJC_WEAK = YES;
				CLANG_WARN_BLOCK_CAPTURE_AUTORELEASING = YES;
				CLANG_WARN_BOOL_CONVERSION = YES;
				CLANG_WARN_COMMA = YES;
				CLANG_WARN_CONSTANT_CONVERSION = YES;
				CLANG_WARN_DEPRECATED_OBJC_IMPLEMENTATIONS = YES;
				CLANG_WARN_DIRECT_OBJC_ISA_USAGE = YES_ERROR;
				CLANG_WARN_DOCUMENTATION_COMMENTS = YES;
				CLANG_WARN_EMPTY_BODY = YES;
				CLANG_WARN_ENUM_CONVERSION = YES;
				CLANG_WARN_INFINITE_RECURSION = YES;
				CLANG_WARN_INT_CONVERSION = YES;
				CLANG_WARN_NON_LITERAL_NULL_CONVERSION = YES;
				CLANG_WARN_OBJC_IMPLICIT_RETAIN_SELF = YES;
				CLANG_WARN_OBJC_LITERAL_CONVERSION = YES;
				CLANG_WARN_OBJC_ROOT_CLASS = YES_ERROR;
				CLANG_WARN_QUOTED_INCLUDE_IN_FRAMEWORK_HEADER = YES;
				CLANG_WARN_RANGE_LOOP_ANALYSIS = YES;
				CLANG_WARN_STRICT_PROTOTYPES = YES;
				CLANG_WARN_SUSPICIOUS_MOVE = YES;
				CLANG_WARN_UNGUARDED_AVAILABILITY = YES_AGGRESSIVE;
				CLANG_WARN_UNREACHABLE_CODE = YES;
				CLANG_WARN__DUPLICATE_METHOD_MATCH = YES;
				COPY_PHASE_STRIP = NO;
				DEAD_CODE_STRIPPING = YES;
				DEBUG_INFORMATION_FORMAT = dwarf;
				ENABLE_STRICT_OBJC_MSGSEND = YES;
				ENABLE_TESTABILITY = YES;
				GCC_C_LANGUAGE_STANDARD = gnu11;
				GCC_DYNAMIC_NO_PIC = NO;
				GCC_NO_COMMON_BLOCKS = YES;
				GCC_OPTIMIZATION_LEVEL = 0;
				GCC_PREPROCESSOR_DEFINITIONS = (
					"DEBUG=1",
					"$(inherited)",
				);
				GCC_WARN_64_TO_32_BIT_CONVERSION = YES;
				GCC_WARN_ABOUT_RETURN_TYPE = YES_ERROR;
				GCC_WARN_UNDECLARED_SELECTOR = YES;
				GCC_WARN_UNINITIALIZED_AUTOS = YES_AGGRESSIVE;
				GCC_WARN_UNUSED_FUNCTION = YES;
				GCC_WARN_UNUSED_VARIABLE = YES;
				MTL_ENABLE_DEBUG_INFO = YES;
				ONLY_ACTIVE_ARCH = YES;
				PRODUCT_NAME = "$(TARGET_NAME)";
			};
			name = Debug;
		};
		E95D639BC967A4DD9272DE80 /* Release */ = {
			isa = XCBuildConfiguration;
			buildSettings = {
				ALWAYS_SEARCH_USER_PATHS = NO;
				CLANG_ANALYZER_LOCALIZABILITY_NONLOCALIZED = YES;
				CLANG_ANALYZER_NONNULL = YES;
				CLANG_ANALYZER_NUMBER_OBJECT_CONVERSION = YES_AGGRESSIVE;
				CLANG_CXX_LANGUAGE_STANDARD = "gnu++14";
				CLANG_CXX_LIBRARY = "libc++";
				CLANG_ENABLE_MODULES = YES;
				CLANG_ENABLE_OBJC_ARC = YES;
				CLANG_ENABLE_OBJC_WEAK = YES;
				CLANG_WARN_BLOCK_CAPTURE_AUTORELEASING = YES;
				CLANG_WARN_BOOL_CONVERSION = YES;
				CLANG_WARN_COMMA = YES;
				CLANG_WARN_CONSTANT_CONVERSION = YES;
				CLANG_WARN_DEPRECATED_OBJC_IMPLEMENTATIONS = YES;
				CLANG_WARN_DIRECT_OBJC_ISA_USAGE = YES_ERROR;
				CLANG_WARN_DOCUMENTATION_COMMENTS = YES;
				CLANG_WARN_EMPTY_BODY = YES;
				CLANG_WARN_ENUM_CONVERSION = YES;
				CLANG_WARN_INFINITE_RECURSION = YES;
				CLANG_WARN_INT_CONVERSION = YES;
				CLANG_WARN_NON_LITERAL_NULL_CONVERSION = YES;
				CLANG_WARN_OBJC_IMPLICIT_RETAIN_SELF = YES;
				CLANG_WARN_OBJC_LITERAL_CONVERSION = YES;
				CLANG_WARN_OBJC_ROOT_CLASS = YES_ERROR;
				CLANG_WARN_QUOTED_INCLUDE_IN_FRAMEWORK_HEADER = YES;
				CLANG_WARN_RANGE_LOOP_ANALYSIS = YES;
				CLANG_WARN_STRICT_PROTOTYPES = YES;
				CLANG_WARN_SUSPICIOUS_MOVE = YES;
				CLANG_WARN_UNGUARDED_AVAILABILITY = YES_AGGRESSIVE;
				CLANG_WARN_UNREACHABLE_CODE = YES;
				CLANG_WARN__DUPLICATE_METHOD_MATCH = YES;
				COPY_PHASE_STRIP = NO;
				DEAD_CODE_STRIPPING = YES;
				DEBUG_INFORMATION_FORMAT = "dwarf-with-dsym";
				ENABLE_NS_ASSERTIONS = NO;
				ENABLE_STRICT_OBJC_MSGSEND = YES;
				GCC_C_LANGUAGE_STANDARD = gnu11;
				GCC_NO_COMMON_BLOCKS = YES;
				GCC_WARN_64_TO_32_BIT_CONVERSION = YES;
				GCC_WARN_ABOUT_RETURN_TYPE = YES_ERROR;
				GCC_WARN_UNDECLARED_SELECTOR = YES;
				GCC_WARN_UNINITIALIZED_AUTOS = YES_AGGRESSIVE;
				GCC_WARN_UNUSED_FUNCTION = YES;
				GCC_WARN_UNUSED_VARIABLE = YES;
				MTL_ENABLE_DEBUG_INFO = NO;
				PRODUCT_NAME = "$(TARGET_NAME)";
				VALIDATE_PRODUCT = YES;
			};
			name = Release;
		};
		F1A205141481A2EEA7EC70BD /* Release */ = {
			isa = XCBuildConfiguration;
			buildSettings = {
				BUNDLE_LOADER = "$(TEST_HOST)";
				CODE_SIGN_IDENTITY = "iPhone Developer";
				INFOPLIST_FILE = "Derived/InfoPlists/WeightMonitorTests-Info.plist";
				IPHONEOS_DEPLOYMENT_TARGET = 16.0;
				LD_RUNPATH_SEARCH_PATHS = (
					"$(inherited)",
					"@executable_path/Frameworks",
					"@loader_path/Frameworks",
				);
				OTHER_LDFLAGS = (
					"$(inherited)",
					"-L$(DT_TOOLCHAIN_DIR)/usr/lib/swift/$(PLATFORM_NAME)",
				);
				PRODUCT_BUNDLE_IDENTIFIER = com.alrzi.WeightMonitorTests;
				PRODUCT_NAME = WeightMonitorTests;
				SDKROOT = iphoneos;
				SUPPORTS_MACCATALYST = NO;
				SUPPORTS_MAC_DESIGNED_FOR_IPHONE_IPAD = YES;
				SUPPORTS_XR_DESIGNED_FOR_IPHONE_IPAD = NO;
				SWIFT_COMPILATION_MODE = wholemodule;
				SWIFT_OPTIMIZATION_LEVEL = "-O";
				SWIFT_VERSION = 5;
				TARGETED_DEVICE_FAMILY = "1,2";
				TEST_HOST = "$(BUILT_PRODUCTS_DIR)/WeightMonitor.app/$(BUNDLE_EXECUTABLE_FOLDER_PATH)/WeightMonitor";
				TEST_TARGET_NAME = WeightMonitor;
			};
			name = Release;
		};
/* End XCBuildConfiguration section */

/* Begin XCConfigurationList section */
		1DDB274E4B06BCCE21138CA0 /* Build configuration list for PBXNativeTarget "WeightMonitorTests" */ = {
			isa = XCConfigurationList;
			buildConfigurations = (
				4088223CAC0CAD3E654BBB77 /* Debug */,
				F1A205141481A2EEA7EC70BD /* Release */,
			);
			defaultConfigurationIsVisible = 0;
			defaultConfigurationName = Release;
		};
		5EA20CE815EF32B7309045E9 /* Build configuration list for PBXProject "WeightMonitor" */ = {
			isa = XCConfigurationList;
			buildConfigurations = (
				E6C386DE4BF69FB05A7F149D /* Debug */,
				E95D639BC967A4DD9272DE80 /* Release */,
			);
			defaultConfigurationIsVisible = 0;
			defaultConfigurationName = Release;
		};
		BA52A22BDD2DD720A1D16FF8 /* Build configuration list for PBXNativeTarget "WeightMonitor" */ = {
			isa = XCConfigurationList;
			buildConfigurations = (
				47F4F2AAC7828ECFD3F62263 /* Debug */,
				229FBF6E4F5C157CB40A1AE3 /* Release */,
			);
			defaultConfigurationIsVisible = 0;
			defaultConfigurationName = Release;
		};
/* End XCConfigurationList section */

/* Begin XCRemoteSwiftPackageReference section */
		819A5E79761BD1D0B963F491 /* XCRemoteSwiftPackageReference "Swinject" */ = {
			isa = XCRemoteSwiftPackageReference;
			repositoryURL = "https://github.com/Swinject/Swinject.git";
			requirement = {
				kind = upToNextMajorVersion;
				minimumVersion = 2.8.0;
			};
		};
		931BBE447736F5B7CDCCA2C8 /* XCRemoteSwiftPackageReference "KeyValueStorage" */ = {
			isa = XCRemoteSwiftPackageReference;
			repositoryURL = "https://github.com/alrzi/KeyValueStorage.git";
			requirement = {
				branch = main;
				kind = branch;
			};
		};
		D4FF66FA6022DDBFA4E52ECA /* XCRemoteSwiftPackageReference "GRDB.swift" */ = {
			isa = XCRemoteSwiftPackageReference;
			repositoryURL = "https://github.com/groue/GRDB.swift.git";
			requirement = {
				kind = upToNextMajorVersion;
				minimumVersion = 6.29.0;
			};
		};
		EA7510346A39CAA644EB4F0C /* XCRemoteSwiftPackageReference "AsyncExtensions" */ = {
			isa = XCRemoteSwiftPackageReference;
			repositoryURL = "https://github.com/alrzi/AsyncExtensions.git";
			requirement = {
				branch = main;
				kind = branch;
			};
		};
/* End XCRemoteSwiftPackageReference section */

/* Begin XCSwiftPackageProductDependency section */
		EB7A068CDFB5EAA7C09A8641 /* Swinject */ = {
			isa = XCSwiftPackageProductDependency;
			productName = Swinject;
		};
/* End XCSwiftPackageProductDependency section */
	};
	rootObject = CF75868AB8E263FEECD7087E /* Project object */;
}
